// !$*UTF8*$!
{
	archiveVersion = 1;
	classes = {
	};
	objectVersion = 50;
	objects = {

/* Begin PBXBuildFile section */
		FD6B08672524C79200635D73 /* Triangle.swift in Sources */ = {isa = PBXBuildFile; fileRef = FD6B08662524C79200635D73 /* Triangle.swift */; };
		FD6B086C2524D5CF00635D73 /* Line.swift in Sources */ = {isa = PBXBuildFile; fileRef = FD6B086B2524D5CF00635D73 /* Line.swift */; };
		FD6B08712524FAA100635D73 /* DrawingLine.swift in Sources */ = {isa = PBXBuildFile; fileRef = FD6B08702524FAA100635D73 /* DrawingLine.swift */; };
		FD9A514825222F8C000C3899 /* AppDelegate.swift in Sources */ = {isa = PBXBuildFile; fileRef = FD9A514725222F8C000C3899 /* AppDelegate.swift */; };
		FD9A514A25222F8C000C3899 /* SceneDelegate.swift in Sources */ = {isa = PBXBuildFile; fileRef = FD9A514925222F8C000C3899 /* SceneDelegate.swift */; };
		FD9A514C25222F8C000C3899 /* ViewController.swift in Sources */ = {isa = PBXBuildFile; fileRef = FD9A514B25222F8C000C3899 /* ViewController.swift */; };
		FD9A514F25222F8C000C3899 /* Main.storyboard in Resources */ = {isa = PBXBuildFile; fileRef = FD9A514D25222F8C000C3899 /* Main.storyboard */; };
		FD9A515125222F8D000C3899 /* Assets.xcassets in Resources */ = {isa = PBXBuildFile; fileRef = FD9A515025222F8D000C3899 /* Assets.xcassets */; };
		FD9A515425222F8D000C3899 /* LaunchScreen.storyboard in Resources */ = {isa = PBXBuildFile; fileRef = FD9A515225222F8D000C3899 /* LaunchScreen.storyboard */; };
		FD9A515F25222F8D000C3899 /* DrawingTests.swift in Sources */ = {isa = PBXBuildFile; fileRef = FD9A515E25222F8D000C3899 /* DrawingTests.swift */; };
		FD9A516A25222F8D000C3899 /* DrawingUITests.swift in Sources */ = {isa = PBXBuildFile; fileRef = FD9A516925222F8D000C3899 /* DrawingUITests.swift */; };
		FD9A517B25222FC5000C3899 /* CustomView.swift in Sources */ = {isa = PBXBuildFile; fileRef = FD9A517A25222FC5000C3899 /* CustomView.swift */; };
		FD9A5180252231C4000C3899 /* Circle.swift in Sources */ = {isa = PBXBuildFile; fileRef = FD9A517F252231C4000C3899 /* Circle.swift */; };
		FD9A5185252231D0000C3899 /* Rectangle.swift in Sources */ = {isa = PBXBuildFile; fileRef = FD9A5184252231D0000C3899 /* Rectangle.swift */; };
/* End PBXBuildFile section */

/* Begin PBXContainerItemProxy section */
		FD9A515B25222F8D000C3899 /* PBXContainerItemProxy */ = {
			isa = PBXContainerItemProxy;
			containerPortal = FD9A513C25222F8C000C3899 /* Project object */;
			proxyType = 1;
			remoteGlobalIDString = FD9A514325222F8C000C3899;
			remoteInfo = Drawing;
		};
		FD9A516625222F8D000C3899 /* PBXContainerItemProxy */ = {
			isa = PBXContainerItemProxy;
			containerPortal = FD9A513C25222F8C000C3899 /* Project object */;
			proxyType = 1;
			remoteGlobalIDString = FD9A514325222F8C000C3899;
			remoteInfo = Drawing;
		};
/* End PBXContainerItemProxy section */

/* Begin PBXFileReference section */
		FD6B08662524C79200635D73 /* Triangle.swift */ = {isa = PBXFileReference; lastKnownFileType = sourcecode.swift; path = Triangle.swift; sourceTree = "<group>"; };
		FD6B086B2524D5CF00635D73 /* Line.swift */ = {isa = PBXFileReference; lastKnownFileType = sourcecode.swift; path = Line.swift; sourceTree = "<group>"; };
		FD6B08702524FAA100635D73 /* DrawingLine.swift */ = {isa = PBXFileReference; lastKnownFileType = sourcecode.swift; path = DrawingLine.swift; sourceTree = "<group>"; };
		FD9A514425222F8C000C3899 /* Drawing.app */ = {isa = PBXFileReference; explicitFileType = wrapper.application; includeInIndex = 0; path = Drawing.app; sourceTree = BUILT_PRODUCTS_DIR; };
		FD9A514725222F8C000C3899 /* AppDelegate.swift */ = {isa = PBXFileReference; lastKnownFileType = sourcecode.swift; path = AppDelegate.swift; sourceTree = "<group>"; };
		FD9A514925222F8C000C3899 /* SceneDelegate.swift */ = {isa = PBXFileReference; lastKnownFileType = sourcecode.swift; path = SceneDelegate.swift; sourceTree = "<group>"; };
		FD9A514B25222F8C000C3899 /* ViewController.swift */ = {isa = PBXFileReference; lastKnownFileType = sourcecode.swift; path = ViewController.swift; sourceTree = "<group>"; };
		FD9A514E25222F8C000C3899 /* Base */ = {isa = PBXFileReference; lastKnownFileType = file.storyboard; name = Base; path = Base.lproj/Main.storyboard; sourceTree = "<group>"; };
		FD9A515025222F8D000C3899 /* Assets.xcassets */ = {isa = PBXFileReference; lastKnownFileType = folder.assetcatalog; path = Assets.xcassets; sourceTree = "<group>"; };
		FD9A515325222F8D000C3899 /* Base */ = {isa = PBXFileReference; lastKnownFileType = file.storyboard; name = Base; path = Base.lproj/LaunchScreen.storyboard; sourceTree = "<group>"; };
		FD9A515525222F8D000C3899 /* Info.plist */ = {isa = PBXFileReference; lastKnownFileType = text.plist.xml; path = Info.plist; sourceTree = "<group>"; };
		FD9A515A25222F8D000C3899 /* DrawingTests.xctest */ = {isa = PBXFileReference; explicitFileType = wrapper.cfbundle; includeInIndex = 0; path = DrawingTests.xctest; sourceTree = BUILT_PRODUCTS_DIR; };
		FD9A515E25222F8D000C3899 /* DrawingTests.swift */ = {isa = PBXFileReference; lastKnownFileType = sourcecode.swift; path = DrawingTests.swift; sourceTree = "<group>"; };
		FD9A516025222F8D000C3899 /* Info.plist */ = {isa = PBXFileReference; lastKnownFileType = text.plist.xml; path = Info.plist; sourceTree = "<group>"; };
		FD9A516525222F8D000C3899 /* DrawingUITests.xctest */ = {isa = PBXFileReference; explicitFileType = wrapper.cfbundle; includeInIndex = 0; path = DrawingUITests.xctest; sourceTree = BUILT_PRODUCTS_DIR; };
		FD9A516925222F8D000C3899 /* DrawingUITests.swift */ = {isa = PBXFileReference; lastKnownFileType = sourcecode.swift; path = DrawingUITests.swift; sourceTree = "<group>"; };
		FD9A516B25222F8D000C3899 /* Info.plist */ = {isa = PBXFileReference; lastKnownFileType = text.plist.xml; path = Info.plist; sourceTree = "<group>"; };
		FD9A517A25222FC5000C3899 /* CustomView.swift */ = {isa = PBXFileReference; lastKnownFileType = sourcecode.swift; path = CustomView.swift; sourceTree = "<group>"; };
		FD9A517F252231C4000C3899 /* Circle.swift */ = {isa = PBXFileReference; lastKnownFileType = sourcecode.swift; path = Circle.swift; sourceTree = "<group>"; };
		FD9A5184252231D0000C3899 /* Rectangle.swift */ = {isa = PBXFileReference; lastKnownFileType = sourcecode.swift; path = Rectangle.swift; sourceTree = "<group>"; };
/* End PBXFileReference section */

/* Begin PBXFrameworksBuildPhase section */
		FD9A514125222F8C000C3899 /* Frameworks */ = {
			isa = PBXFrameworksBuildPhase;
			buildActionMask = 2147483647;
			files = (
			);
			runOnlyForDeploymentPostprocessing = 0;
		};
		FD9A515725222F8D000C3899 /* Frameworks */ = {
			isa = PBXFrameworksBuildPhase;
			buildActionMask = 2147483647;
			files = (
			);
			runOnlyForDeploymentPostprocessing = 0;
		};
		FD9A516225222F8D000C3899 /* Frameworks */ = {
			isa = PBXFrameworksBuildPhase;
			buildActionMask = 2147483647;
			files = (
			);
			runOnlyForDeploymentPostprocessing = 0;
		};
/* End PBXFrameworksBuildPhase section */

/* Begin PBXGroup section */
		FD9A513B25222F8C000C3899 = {
			isa = PBXGroup;
			children = (
				FD9A514625222F8C000C3899 /* Drawing */,
				FD9A515D25222F8D000C3899 /* DrawingTests */,
				FD9A516825222F8D000C3899 /* DrawingUITests */,
				FD9A514525222F8C000C3899 /* Products */,
			);
			sourceTree = "<group>";
		};
		FD9A514525222F8C000C3899 /* Products */ = {
			isa = PBXGroup;
			children = (
				FD9A514425222F8C000C3899 /* Drawing.app */,
				FD9A515A25222F8D000C3899 /* DrawingTests.xctest */,
				FD9A516525222F8D000C3899 /* DrawingUITests.xctest */,
			);
			name = Products;
			sourceTree = "<group>";
		};
		FD9A514625222F8C000C3899 /* Drawing */ = {
			isa = PBXGroup;
			children = (
				FD9A515525222F8D000C3899 /* Info.plist */,
				FD9A518D252231FB000C3899 /* Supporting Files */,
				FD9A517A25222FC5000C3899 /* CustomView.swift */,
				FD9A514B25222F8C000C3899 /* ViewController.swift */,
				FD9A514D25222F8C000C3899 /* Main.storyboard */,
				FD9A5189252231DC000C3899 /* Model */,
			);
			path = Drawing;
			sourceTree = "<group>";
		};
		FD9A515D25222F8D000C3899 /* DrawingTests */ = {
			isa = PBXGroup;
			children = (
				FD9A515E25222F8D000C3899 /* DrawingTests.swift */,
				FD9A516025222F8D000C3899 /* Info.plist */,
			);
			path = DrawingTests;
			sourceTree = "<group>";
		};
		FD9A516825222F8D000C3899 /* DrawingUITests */ = {
			isa = PBXGroup;
			children = (
				FD9A516925222F8D000C3899 /* DrawingUITests.swift */,
				FD9A516B25222F8D000C3899 /* Info.plist */,
			);
			path = DrawingUITests;
			sourceTree = "<group>";
		};
		FD9A5189252231DC000C3899 /* Model */ = {
			isa = PBXGroup;
			children = (
				FD9A517F252231C4000C3899 /* Circle.swift */,
				FD9A5184252231D0000C3899 /* Rectangle.swift */,
				FD6B08662524C79200635D73 /* Triangle.swift */,
				FD6B086B2524D5CF00635D73 /* Line.swift */,
				FD6B08702524FAA100635D73 /* DrawingLine.swift */,
			);
			path = Model;
			sourceTree = "<group>";
		};
		FD9A518D252231FB000C3899 /* Supporting Files */ = {
			isa = PBXGroup;
			children = (
				FD9A514925222F8C000C3899 /* SceneDelegate.swift */,
				FD9A514725222F8C000C3899 /* AppDelegate.swift */,
				FD9A515025222F8D000C3899 /* Assets.xcassets */,
				FD9A515225222F8D000C3899 /* LaunchScreen.storyboard */,
			);
			path = "Supporting Files";
			sourceTree = "<group>";
		};
/* End PBXGroup section */

/* Begin PBXNativeTarget section */
		FD9A514325222F8C000C3899 /* Drawing */ = {
			isa = PBXNativeTarget;
			buildConfigurationList = FD9A516E25222F8D000C3899 /* Build configuration list for PBXNativeTarget "Drawing" */;
			buildPhases = (
				FD9A514025222F8C000C3899 /* Sources */,
				FD9A514125222F8C000C3899 /* Frameworks */,
				FD9A514225222F8C000C3899 /* Resources */,
			);
			buildRules = (
			);
			dependencies = (
			);
			name = Drawing;
			productName = Drawing;
			productReference = FD9A514425222F8C000C3899 /* Drawing.app */;
			productType = "com.apple.product-type.application";
		};
		FD9A515925222F8D000C3899 /* DrawingTests */ = {
			isa = PBXNativeTarget;
			buildConfigurationList = FD9A517125222F8D000C3899 /* Build configuration list for PBXNativeTarget "DrawingTests" */;
			buildPhases = (
				FD9A515625222F8D000C3899 /* Sources */,
				FD9A515725222F8D000C3899 /* Frameworks */,
				FD9A515825222F8D000C3899 /* Resources */,
			);
			buildRules = (
			);
			dependencies = (
				FD9A515C25222F8D000C3899 /* PBXTargetDependency */,
			);
			name = DrawingTests;
			productName = DrawingTests;
			productReference = FD9A515A25222F8D000C3899 /* DrawingTests.xctest */;
			productType = "com.apple.product-type.bundle.unit-test";
		};
		FD9A516425222F8D000C3899 /* DrawingUITests */ = {
			isa = PBXNativeTarget;
			buildConfigurationList = FD9A517425222F8D000C3899 /* Build configuration list for PBXNativeTarget "DrawingUITests" */;
			buildPhases = (
				FD9A516125222F8D000C3899 /* Sources */,
				FD9A516225222F8D000C3899 /* Frameworks */,
				FD9A516325222F8D000C3899 /* Resources */,
			);
			buildRules = (
			);
			dependencies = (
				FD9A516725222F8D000C3899 /* PBXTargetDependency */,
			);
			name = DrawingUITests;
			productName = DrawingUITests;
			productReference = FD9A516525222F8D000C3899 /* DrawingUITests.xctest */;
			productType = "com.apple.product-type.bundle.ui-testing";
		};
/* End PBXNativeTarget section */

/* Begin PBXProject section */
		FD9A513C25222F8C000C3899 /* Project object */ = {
			isa = PBXProject;
			attributes = {
				LastSwiftUpdateCheck = 1200;
				LastUpgradeCheck = 1200;
				TargetAttributes = {
					FD9A514325222F8C000C3899 = {
						CreatedOnToolsVersion = 12.0.1;
					};
					FD9A515925222F8D000C3899 = {
						CreatedOnToolsVersion = 12.0.1;
						TestTargetID = FD9A514325222F8C000C3899;
					};
					FD9A516425222F8D000C3899 = {
						CreatedOnToolsVersion = 12.0.1;
						TestTargetID = FD9A514325222F8C000C3899;
					};
				};
			};
			buildConfigurationList = FD9A513F25222F8C000C3899 /* Build configuration list for PBXProject "Drawing" */;
			compatibilityVersion = "Xcode 9.3";
			developmentRegion = en;
			hasScannedForEncodings = 0;
			knownRegions = (
				en,
				Base,
			);
			mainGroup = FD9A513B25222F8C000C3899;
			productRefGroup = FD9A514525222F8C000C3899 /* Products */;
			projectDirPath = "";
			projectRoot = "";
			targets = (
				FD9A514325222F8C000C3899 /* Drawing */,
				FD9A515925222F8D000C3899 /* DrawingTests */,
				FD9A516425222F8D000C3899 /* DrawingUITests */,
			);
		};
/* End PBXProject section */

/* Begin PBXResourcesBuildPhase section */
		FD9A514225222F8C000C3899 /* Resources */ = {
			isa = PBXResourcesBuildPhase;
			buildActionMask = 2147483647;
			files = (
				FD9A515425222F8D000C3899 /* LaunchScreen.storyboard in Resources */,
				FD9A515125222F8D000C3899 /* Assets.xcassets in Resources */,
				FD9A514F25222F8C000C3899 /* Main.storyboard in Resources */,
			);
			runOnlyForDeploymentPostprocessing = 0;
		};
		FD9A515825222F8D000C3899 /* Resources */ = {
			isa = PBXResourcesBuildPhase;
			buildActionMask = 2147483647;
			files = (
			);
			runOnlyForDeploymentPostprocessing = 0;
		};
		FD9A516325222F8D000C3899 /* Resources */ = {
			isa = PBXResourcesBuildPhase;
			buildActionMask = 2147483647;
			files = (
			);
			runOnlyForDeploymentPostprocessing = 0;
		};
/* End PBXResourcesBuildPhase section */

/* Begin PBXSourcesBuildPhase section */
		FD9A514025222F8C000C3899 /* Sources */ = {
			isa = PBXSourcesBuildPhase;
			buildActionMask = 2147483647;
			files = (
				FD9A5180252231C4000C3899 /* Circle.swift in Sources */,
				FD9A514C25222F8C000C3899 /* ViewController.swift in Sources */,
				FD9A517B25222FC5000C3899 /* CustomView.swift in Sources */,
				FD6B08712524FAA100635D73 /* DrawingLine.swift in Sources */,
				FD9A5185252231D0000C3899 /* Rectangle.swift in Sources */,
				FD9A514825222F8C000C3899 /* AppDelegate.swift in Sources */,
				FD6B086C2524D5CF00635D73 /* Line.swift in Sources */,
				FD9A514A25222F8C000C3899 /* SceneDelegate.swift in Sources */,
				FD6B08672524C79200635D73 /* Triangle.swift in Sources */,
			);
			runOnlyForDeploymentPostprocessing = 0;
		};
		FD9A515625222F8D000C3899 /* Sources */ = {
			isa = PBXSourcesBuildPhase;
			buildActionMask = 2147483647;
			files = (
				FD9A515F25222F8D000C3899 /* DrawingTests.swift in Sources */,
			);
			runOnlyForDeploymentPostprocessing = 0;
		};
		FD9A516125222F8D000C3899 /* Sources */ = {
			isa = PBXSourcesBuildPhase;
			buildActionMask = 2147483647;
			files = (
				FD9A516A25222F8D000C3899 /* DrawingUITests.swift in Sources */,
			);
			runOnlyForDeploymentPostprocessing = 0;
		};
/* End PBXSourcesBuildPhase section */

/* Begin PBXTargetDependency section */
		FD9A515C25222F8D000C3899 /* PBXTargetDependency */ = {
			isa = PBXTargetDependency;
			target = FD9A514325222F8C000C3899 /* Drawing */;
			targetProxy = FD9A515B25222F8D000C3899 /* PBXContainerItemProxy */;
		};
		FD9A516725222F8D000C3899 /* PBXTargetDependency */ = {
			isa = PBXTargetDependency;
			target = FD9A514325222F8C000C3899 /* Drawing */;
			targetProxy = FD9A516625222F8D000C3899 /* PBXContainerItemProxy */;
		};
/* End PBXTargetDependency section */

/* Begin PBXVariantGroup section */
		FD9A514D25222F8C000C3899 /* Main.storyboard */ = {
			isa = PBXVariantGroup;
			children = (
				FD9A514E25222F8C000C3899 /* Base */,
			);
			name = Main.storyboard;
			sourceTree = "<group>";
		};
		FD9A515225222F8D000C3899 /* LaunchScreen.storyboard */ = {
			isa = PBXVariantGroup;
			children = (
				FD9A515325222F8D000C3899 /* Base */,
			);
			name = LaunchScreen.storyboard;
			sourceTree = "<group>";
		};
/* End PBXVariantGroup section */

/* Begin XCBuildConfiguration section */
		FD9A516C25222F8D000C3899 /* Debug */ = {
			isa = XCBuildConfiguration;
			buildSettings = {
				ALWAYS_SEARCH_USER_PATHS = NO;
				CLANG_ANALYZER_NONNULL = YES;
				CLANG_ANALYZER_NUMBER_OBJECT_CONVERSION = YES_AGGRESSIVE;
				CLANG_CXX_LANGUAGE_STANDARD = "gnu++14";
				CLANG_CXX_LIBRARY = "libc++";
				CLANG_ENABLE_MODULES = YES;
				CLANG_ENABLE_OBJC_ARC = YES;
				CLANG_ENABLE_OBJC_WEAK = YES;
				CLANG_WARN_BLOCK_CAPTURE_AUTORELEASING = YES;
				CLANG_WARN_BOOL_CONVERSION = YES;
				CLANG_WARN_COMMA = YES;
				CLANG_WARN_CONSTANT_CONVERSION = YES;
				CLANG_WARN_DEPRECATED_OBJC_IMPLEMENTATIONS = YES;
				CLANG_WARN_DIRECT_OBJC_ISA_USAGE = YES_ERROR;
				CLANG_WARN_DOCUMENTATION_COMMENTS = YES;
				CLANG_WARN_EMPTY_BODY = YES;
				CLANG_WARN_ENUM_CONVERSION = YES;
				CLANG_WARN_INFINITE_RECURSION = YES;
				CLANG_WARN_INT_CONVERSION = YES;
				CLANG_WARN_NON_LITERAL_NULL_CONVERSION = YES;
				CLANG_WARN_OBJC_IMPLICIT_RETAIN_SELF = YES;
				CLANG_WARN_OBJC_LITERAL_CONVERSION = YES;
				CLANG_WARN_OBJC_ROOT_CLASS = YES_ERROR;
				CLANG_WARN_QUOTED_INCLUDE_IN_FRAMEWORK_HEADER = YES;
				CLANG_WARN_RANGE_LOOP_ANALYSIS = YES;
				CLANG_WARN_STRICT_PROTOTYPES = YES;
				CLANG_WARN_SUSPICIOUS_MOVE = YES;
				CLANG_WARN_UNGUARDED_AVAILABILITY = YES_AGGRESSIVE;
				CLANG_WARN_UNREACHABLE_CODE = YES;
				CLANG_WARN__DUPLICATE_METHOD_MATCH = YES;
				COPY_PHASE_STRIP = NO;
				DEBUG_INFORMATION_FORMAT = dwarf;
				ENABLE_STRICT_OBJC_MSGSEND = YES;
				ENABLE_TESTABILITY = YES;
				GCC_C_LANGUAGE_STANDARD = gnu11;
				GCC_DYNAMIC_NO_PIC = NO;
				GCC_NO_COMMON_BLOCKS = YES;
				GCC_OPTIMIZATION_LEVEL = 0;
				GCC_PREPROCESSOR_DEFINITIONS = (
					"DEBUG=1",
					"$(inherited)",
				);
				GCC_WARN_64_TO_32_BIT_CONVERSION = YES;
				GCC_WARN_ABOUT_RETURN_TYPE = YES_ERROR;
				GCC_WARN_UNDECLARED_SELECTOR = YES;
				GCC_WARN_UNINITIALIZED_AUTOS = YES_AGGRESSIVE;
				GCC_WARN_UNUSED_FUNCTION = YES;
				GCC_WARN_UNUSED_VARIABLE = YES;
				IPHONEOS_DEPLOYMENT_TARGET = 14.0;
				MTL_ENABLE_DEBUG_INFO = INCLUDE_SOURCE;
				MTL_FAST_MATH = YES;
				ONLY_ACTIVE_ARCH = YES;
				SDKROOT = iphoneos;
				SWIFT_ACTIVE_COMPILATION_CONDITIONS = DEBUG;
				SWIFT_OPTIMIZATION_LEVEL = "-Onone";
			};
			name = Debug;
		};
		FD9A516D25222F8D000C3899 /* Release */ = {
			isa = XCBuildConfiguration;
			buildSettings = {
				ALWAYS_SEARCH_USER_PATHS = NO;
				CLANG_ANALYZER_NONNULL = YES;
				CLANG_ANALYZER_NUMBER_OBJECT_CONVERSION = YES_AGGRESSIVE;
				CLANG_CXX_LANGUAGE_STANDARD = "gnu++14";
				CLANG_CXX_LIBRARY = "libc++";
				CLANG_ENABLE_MODULES = YES;
				CLANG_ENABLE_OBJC_ARC = YES;
				CLANG_ENABLE_OBJC_WEAK = YES;
				CLANG_WARN_BLOCK_CAPTURE_AUTORELEASING = YES;
				CLANG_WARN_BOOL_CONVERSION = YES;
				CLANG_WARN_COMMA = YES;
				CLANG_WARN_CONSTANT_CONVERSION = YES;
				CLANG_WARN_DEPRECATED_OBJC_IMPLEMENTATIONS = YES;
				CLANG_WARN_DIRECT_OBJC_ISA_USAGE = YES_ERROR;
				CLANG_WARN_DOCUMENTATION_COMMENTS = YES;
				CLANG_WARN_EMPTY_BODY = YES;
				CLANG_WARN_ENUM_CONVERSION = YES;
				CLANG_WARN_INFINITE_RECURSION = YES;
				CLANG_WARN_INT_CONVERSION = YES;
				CLANG_WARN_NON_LITERAL_NULL_CONVERSION = YES;
				CLANG_WARN_OBJC_IMPLICIT_RETAIN_SELF = YES;
				CLANG_WARN_OBJC_LITERAL_CONVERSION = YES;
				CLANG_WARN_OBJC_ROOT_CLASS = YES_ERROR;
				CLANG_WARN_QUOTED_INCLUDE_IN_FRAMEWORK_HEADER = YES;
				CLANG_WARN_RANGE_LOOP_ANALYSIS = YES;
				CLANG_WARN_STRICT_PROTOTYPES = YES;
				CLANG_WARN_SUSPICIOUS_MOVE = YES;
				CLANG_WARN_UNGUARDED_AVAILABILITY = YES_AGGRESSIVE;
				CLANG_WARN_UNREACHABLE_CODE = YES;
				CLANG_WARN__DUPLICATE_METHOD_MATCH = YES;
				COPY_PHASE_STRIP = NO;
				DEBUG_INFORMATION_FORMAT = "dwarf-with-dsym";
				ENABLE_NS_ASSERTIONS = NO;
				ENABLE_STRICT_OBJC_MSGSEND = YES;
				GCC_C_LANGUAGE_STANDARD = gnu11;
				GCC_NO_COMMON_BLOCKS = YES;
				GCC_WARN_64_TO_32_BIT_CONVERSION = YES;
				GCC_WARN_ABOUT_RETURN_TYPE = YES_ERROR;
				GCC_WARN_UNDECLARED_SELECTOR = YES;
				GCC_WARN_UNINITIALIZED_AUTOS = YES_AGGRESSIVE;
				GCC_WARN_UNUSED_FUNCTION = YES;
				GCC_WARN_UNUSED_VARIABLE = YES;
				IPHONEOS_DEPLOYMENT_TARGET = 14.0;
				MTL_ENABLE_DEBUG_INFO = NO;
				MTL_FAST_MATH = YES;
				SDKROOT = iphoneos;
				SWIFT_COMPILATION_MODE = wholemodule;
				SWIFT_OPTIMIZATION_LEVEL = "-O";
				VALIDATE_PRODUCT = YES;
			};
			name = Release;
		};
		FD9A516F25222F8D000C3899 /* Debug */ = {
			isa = XCBuildConfiguration;
			buildSettings = {
				ASSETCATALOG_COMPILER_APPICON_NAME = AppIcon;
				ASSETCATALOG_COMPILER_GLOBAL_ACCENT_COLOR_NAME = AccentColor;
				CODE_SIGN_STYLE = Automatic;
				DEVELOPMENT_TEAM = 9W7XZX5HN7;
				INFOPLIST_FILE = Drawing/Info.plist;
				LD_RUNPATH_SEARCH_PATHS = (
					"$(inherited)",
					"@executable_path/Frameworks",
				);
				PRODUCT_BUNDLE_IDENTIFIER = khassenova.aidana.Drawing;
				PRODUCT_NAME = "$(TARGET_NAME)";
				SWIFT_VERSION = 5.0;
				TARGETED_DEVICE_FAMILY = "1,2";
			};
			name = Debug;
		};
		FD9A517025222F8D000C3899 /* Release */ = {
			isa = XCBuildConfiguration;
			buildSettings = {
				ASSETCATALOG_COMPILER_APPICON_NAME = AppIcon;
				ASSETCATALOG_COMPILER_GLOBAL_ACCENT_COLOR_NAME = AccentColor;
				CODE_SIGN_STYLE = Automatic;
				DEVELOPMENT_TEAM = 9W7XZX5HN7;
				INFOPLIST_FILE = Drawing/Info.plist;
				LD_RUNPATH_SEARCH_PATHS = (
					"$(inherited)",
					"@executable_path/Frameworks",
				);
				PRODUCT_BUNDLE_IDENTIFIER = khassenova.aidana.Drawing;
				PRODUCT_NAME = "$(TARGET_NAME)";
				SWIFT_VERSION = 5.0;
				TARGETED_DEVICE_FAMILY = "1,2";
			};
			name = Release;
		};
		FD9A517225222F8D000C3899 /* Debug */ = {
			isa = XCBuildConfiguration;
			buildSettings = {
				ALWAYS_EMBED_SWIFT_STANDARD_LIBRARIES = YES;
				BUNDLE_LOADER = "$(TEST_HOST)";
				CODE_SIGN_STYLE = Automatic;
				DEVELOPMENT_TEAM = 9W7XZX5HN7;
				INFOPLIST_FILE = DrawingTests/Info.plist;
				IPHONEOS_DEPLOYMENT_TARGET = 14.0;
				LD_RUNPATH_SEARCH_PATHS = (
					"$(inherited)",
					"@executable_path/Frameworks",
					"@loader_path/Frameworks",
				);
				PRODUCT_BUNDLE_IDENTIFIER = khassenova.aidana.DrawingTests;
				PRODUCT_NAME = "$(TARGET_NAME)";
				SWIFT_VERSION = 5.0;
				TARGETED_DEVICE_FAMILY = "1,2";
				TEST_HOST = "$(BUILT_PRODUCTS_DIR)/Drawing.app/Drawing";
			};
			name = Debug;
		};
		FD9A517325222F8D000C3899 /* Release */ = {
			isa = XCBuildConfiguration;
			buildSettings = {
				ALWAYS_EMBED_SWIFT_STANDARD_LIBRARIES = YES;
				BUNDLE_LOADER = "$(TEST_HOST)";
				CODE_SIGN_STYLE = Automatic;
				DEVELOPMENT_TEAM = 9W7XZX5HN7;
				INFOPLIST_FILE = DrawingTests/Info.plist;
				IPHONEOS_DEPLOYMENT_TARGET = 14.0;
				LD_RUNPATH_SEARCH_PATHS = (
					"$(inherited)",
					"@executable_path/Frameworks",
					"@loader_path/Frameworks",
				);
				PRODUCT_BUNDLE_IDENTIFIER = khassenova.aidana.DrawingTests;
				PRODUCT_NAME = "$(TARGET_NAME)";
				SWIFT_VERSION = 5.0;
				TARGETED_DEVICE_FAMILY = "1,2";
				TEST_HOST = "$(BUILT_PRODUCTS_DIR)/Drawing.app/Drawing";
			};
			name = Release;
		};
		FD9A517525222F8D000C3899 /* Debug */ = {
			isa = XCBuildConfiguration;
			buildSettings = {
				ALWAYS_EMBED_SWIFT_STANDARD_LIBRARIES = YES;
				CODE_SIGN_STYLE = Automatic;
				DEVELOPMENT_TEAM = 9W7XZX5HN7;
				INFOPLIST_FILE = DrawingUITests/Info.plist;
				LD_RUNPATH_SEARCH_PATHS = (
					"$(inherited)",
					"@executable_path/Frameworks",
					"@loader_path/Frameworks",
				);
				PRODUCT_BUNDLE_IDENTIFIER = khassenova.aidana.DrawingUITests;
				PRODUCT_NAME = "$(TARGET_NAME)";
				SWIFT_VERSION = 5.0;
				TARGETED_DEVICE_FAMILY = "1,2";
				TEST_TARGET_NAME = Drawing;
			};
			name = Debug;
		};
		FD9A517625222F8D000C3899 /* Release */ = {
			isa = XCBuildConfiguration;
			buildSettings = {
				ALWAYS_EMBED_SWIFT_STANDARD_LIBRARIES = YES;
				CODE_SIGN_STYLE = Automatic;
				DEVELOPMENT_TEAM = 9W7XZX5HN7;
				INFOPLIST_FILE = DrawingUITests/Info.plist;
				LD_RUNPATH_SEARCH_PATHS = (
					"$(inherited)",
					"@executable_path/Frameworks",
					"@loader_path/Frameworks",
				);
				PRODUCT_BUNDLE_IDENTIFIER = khassenova.aidana.DrawingUITests;
				PRODUCT_NAME = "$(TARGET_NAME)";
				SWIFT_VERSION = 5.0;
				TARGETED_DEVICE_FAMILY = "1,2";
				TEST_TARGET_NAME = Drawing;
			};
			name = Release;
		};
/* End XCBuildConfiguration section */

/* Begin XCConfigurationList section */
		FD9A513F25222F8C000C3899 /* Build configuration list for PBXProject "Drawing" */ = {
			isa = XCConfigurationList;
			buildConfigurations = (
				FD9A516C25222F8D000C3899 /* Debug */,
				FD9A516D25222F8D000C3899 /* Release */,
			);
			defaultConfigurationIsVisible = 0;
			defaultConfigurationName = Release;
		};
		FD9A516E25222F8D000C3899 /* Build configuration list for PBXNativeTarget "Drawing" */ = {
			isa = XCConfigurationList;
			buildConfigurations = (
				FD9A516F25222F8D000C3899 /* Debug */,
				FD9A517025222F8D000C3899 /* Release */,
			);
			defaultConfigurationIsVisible = 0;
			defaultConfigurationName = Release;
		};
		FD9A517125222F8D000C3899 /* Build configuration list for PBXNativeTarget "DrawingTests" */ = {
			isa = XCConfigurationList;
			buildConfigurations = (
				FD9A517225222F8D000C3899 /* Debug */,
				FD9A517325222F8D000C3899 /* Release */,
			);
			defaultConfigurationIsVisible = 0;
			defaultConfigurationName = Release;
		};
		FD9A517425222F8D000C3899 /* Build configuration list for PBXNativeTarget "DrawingUITests" */ = {
			isa = XCConfigurationList;
			buildConfigurations = (
				FD9A517525222F8D000C3899 /* Debug */,
				FD9A517625222F8D000C3899 /* Release */,
			);
			defaultConfigurationIsVisible = 0;
			defaultConfigurationName = Release;
		};
/* End XCConfigurationList section */
	};
	rootObject = FD9A513C25222F8C000C3899 /* Project object */;
}
